// !$*UTF8*$!
{
	archiveVersion = 1;
	classes = {
	};
	objectVersion = 46;
	objects = {

/* Begin PBXBuildFile section */
		D37D582D1AD47961006492F4 /* main.m in Sources */ = {isa = PBXBuildFile; fileRef = D37D582C1AD47961006492F4 /* main.m */; };
		D37D58301AD47961006492F4 /* AppDelegate.m in Sources */ = {isa = PBXBuildFile; fileRef = D37D582F1AD47961006492F4 /* AppDelegate.m */; };
		D37D58321AD47961006492F4 /* Images.xcassets in Resources */ = {isa = PBXBuildFile; fileRef = D37D58311AD47961006492F4 /* Images.xcassets */; };
		D37D58351AD47961006492F4 /* LaunchScreen.xib in Resources */ = {isa = PBXBuildFile; fileRef = D37D58331AD47961006492F4 /* LaunchScreen.xib */; };
		D37D58411AD47961006492F4 /* EverpobreTests.m in Sources */ = {isa = PBXBuildFile; fileRef = D37D58401AD47961006492F4 /* EverpobreTests.m */; };
		D37D584C1AD47ABC006492F4 /* Model.xcdatamodeld in Sources */ = {isa = PBXBuildFile; fileRef = D37D584A1AD47ABC006492F4 /* Model.xcdatamodeld */; };
		D37D586C1AD49100006492F4 /* ADMNote.m in Sources */ = {isa = PBXBuildFile; fileRef = D37D58641AD49100006492F4 /* ADMNote.m */; };
		D37D586D1AD49100006492F4 /* ADMNotebook.m in Sources */ = {isa = PBXBuildFile; fileRef = D37D58661AD49100006492F4 /* ADMNotebook.m */; };
		D37D586E1AD49100006492F4 /* ADMPhoto.m in Sources */ = {isa = PBXBuildFile; fileRef = D37D58681AD49100006492F4 /* ADMPhoto.m */; };
		D37D58D91AD5AD50006492F4 /* AGTCoreDataStack.m in Sources */ = {isa = PBXBuildFile; fileRef = D37D58D81AD5AD50006492F4 /* AGTCoreDataStack.m */; };
		D38816401AD6FE41000FEDC8 /* ADMEverpobreBaseClass.m in Sources */ = {isa = PBXBuildFile; fileRef = D388163F1AD6FE41000FEDC8 /* ADMEverpobreBaseClass.m */; };
		D391168D1AD74BA500BD1EE6 /* _ADMNote.m in Sources */ = {isa = PBXBuildFile; fileRef = D39116891AD74BA500BD1EE6 /* _ADMNote.m */; };
		D391168E1AD74BA500BD1EE6 /* _ADMNotebook.m in Sources */ = {isa = PBXBuildFile; fileRef = D391168A1AD74BA500BD1EE6 /* _ADMNotebook.m */; };
		D391168F1AD74BA500BD1EE6 /* _ADMPhoto.m in Sources */ = {isa = PBXBuildFile; fileRef = D391168C1AD74BA500BD1EE6 /* _ADMPhoto.m */; };
		D39116931AD7591D00BD1EE6 /* AGTCoreDataCollectionViewController.m in Sources */ = {isa = PBXBuildFile; fileRef = D39116921AD7591D00BD1EE6 /* AGTCoreDataCollectionViewController.m */; };
		D39116961AD7598700BD1EE6 /* AGTCoreDataTableViewController.m in Sources */ = {isa = PBXBuildFile; fileRef = D39116951AD7598700BD1EE6 /* AGTCoreDataTableViewController.m */; };
		D39116991AD75AD600BD1EE6 /* ADMNotebooksViewController.m in Sources */ = {isa = PBXBuildFile; fileRef = D39116981AD75AD600BD1EE6 /* ADMNotebooksViewController.m */; };
		D391169C1AD7AE6800BD1EE6 /* UIViewController+Navigation.m in Sources */ = {isa = PBXBuildFile; fileRef = D391169B1AD7AE6800BD1EE6 /* UIViewController+Navigation.m */; };
/* End PBXBuildFile section */

/* Begin PBXContainerItemProxy section */
		D37D583B1AD47961006492F4 /* PBXContainerItemProxy */ = {
			isa = PBXContainerItemProxy;
			containerPortal = D37D581F1AD47961006492F4 /* Project object */;
			proxyType = 1;
			remoteGlobalIDString = D37D58261AD47961006492F4;
			remoteInfo = Everpobre;
		};
/* End PBXContainerItemProxy section */

/* Begin PBXFileReference section */
		D37D58271AD47961006492F4 /* Everpobre.app */ = {isa = PBXFileReference; explicitFileType = wrapper.application; includeInIndex = 0; path = Everpobre.app; sourceTree = BUILT_PRODUCTS_DIR; };
		D37D582B1AD47961006492F4 /* Info.plist */ = {isa = PBXFileReference; lastKnownFileType = text.plist.xml; path = Info.plist; sourceTree = "<group>"; };
		D37D582C1AD47961006492F4 /* main.m */ = {isa = PBXFileReference; lastKnownFileType = sourcecode.c.objc; path = main.m; sourceTree = "<group>"; };
		D37D582E1AD47961006492F4 /* AppDelegate.h */ = {isa = PBXFileReference; lastKnownFileType = sourcecode.c.h; path = AppDelegate.h; sourceTree = "<group>"; };
		D37D582F1AD47961006492F4 /* AppDelegate.m */ = {isa = PBXFileReference; lastKnownFileType = sourcecode.c.objc; path = AppDelegate.m; sourceTree = "<group>"; };
		D37D58311AD47961006492F4 /* Images.xcassets */ = {isa = PBXFileReference; lastKnownFileType = folder.assetcatalog; path = Images.xcassets; sourceTree = "<group>"; };
		D37D58341AD47961006492F4 /* Base */ = {isa = PBXFileReference; lastKnownFileType = file.xib; name = Base; path = Base.lproj/LaunchScreen.xib; sourceTree = "<group>"; };
		D37D583A1AD47961006492F4 /* EverpobreTests.xctest */ = {isa = PBXFileReference; explicitFileType = wrapper.cfbundle; includeInIndex = 0; path = EverpobreTests.xctest; sourceTree = BUILT_PRODUCTS_DIR; };
		D37D583F1AD47961006492F4 /* Info.plist */ = {isa = PBXFileReference; lastKnownFileType = text.plist.xml; path = Info.plist; sourceTree = "<group>"; };
		D37D58401AD47961006492F4 /* EverpobreTests.m */ = {isa = PBXFileReference; lastKnownFileType = sourcecode.c.objc; path = EverpobreTests.m; sourceTree = "<group>"; };
		D37D584B1AD47ABC006492F4 /* Model.xcdatamodel */ = {isa = PBXFileReference; lastKnownFileType = wrapper.xcdatamodel; path = Model.xcdatamodel; sourceTree = "<group>"; };
		D37D58631AD49100006492F4 /* ADMNote.h */ = {isa = PBXFileReference; fileEncoding = 4; lastKnownFileType = sourcecode.c.h; name = ADMNote.h; path = Everpobre/ADMNote.h; sourceTree = "<group>"; };
		D37D58641AD49100006492F4 /* ADMNote.m */ = {isa = PBXFileReference; fileEncoding = 4; lastKnownFileType = sourcecode.c.objc; name = ADMNote.m; path = Everpobre/ADMNote.m; sourceTree = "<group>"; };
		D37D58651AD49100006492F4 /* ADMNotebook.h */ = {isa = PBXFileReference; fileEncoding = 4; lastKnownFileType = sourcecode.c.h; name = ADMNotebook.h; path = Everpobre/ADMNotebook.h; sourceTree = "<group>"; };
		D37D58661AD49100006492F4 /* ADMNotebook.m */ = {isa = PBXFileReference; fileEncoding = 4; lastKnownFileType = sourcecode.c.objc; name = ADMNotebook.m; path = Everpobre/ADMNotebook.m; sourceTree = "<group>"; };
		D37D58671AD49100006492F4 /* ADMPhoto.h */ = {isa = PBXFileReference; fileEncoding = 4; lastKnownFileType = sourcecode.c.h; name = ADMPhoto.h; path = Everpobre/ADMPhoto.h; sourceTree = "<group>"; };
		D37D58681AD49100006492F4 /* ADMPhoto.m */ = {isa = PBXFileReference; fileEncoding = 4; lastKnownFileType = sourcecode.c.objc; name = ADMPhoto.m; path = Everpobre/ADMPhoto.m; sourceTree = "<group>"; };
		D37D58D71AD5AD50006492F4 /* AGTCoreDataStack.h */ = {isa = PBXFileReference; fileEncoding = 4; lastKnownFileType = sourcecode.c.h; path = AGTCoreDataStack.h; sourceTree = "<group>"; };
		D37D58D81AD5AD50006492F4 /* AGTCoreDataStack.m */ = {isa = PBXFileReference; fileEncoding = 4; lastKnownFileType = sourcecode.c.objc; path = AGTCoreDataStack.m; sourceTree = "<group>"; };
		D388163E1AD6FE41000FEDC8 /* ADMEverpobreBaseClass.h */ = {isa = PBXFileReference; fileEncoding = 4; lastKnownFileType = sourcecode.c.h; path = ADMEverpobreBaseClass.h; sourceTree = "<group>"; };
		D388163F1AD6FE41000FEDC8 /* ADMEverpobreBaseClass.m */ = {isa = PBXFileReference; fileEncoding = 4; lastKnownFileType = sourcecode.c.objc; path = ADMEverpobreBaseClass.m; sourceTree = "<group>"; };
		D39116871AD74BA500BD1EE6 /* _ADMNotebook.h */ = {isa = PBXFileReference; fileEncoding = 4; lastKnownFileType = sourcecode.c.h; name = _ADMNotebook.h; path = Everpobre/_ADMNotebook.h; sourceTree = "<group>"; };
		D39116881AD74BA500BD1EE6 /* _ADMNote.h */ = {isa = PBXFileReference; fileEncoding = 4; lastKnownFileType = sourcecode.c.h; name = _ADMNote.h; path = Everpobre/_ADMNote.h; sourceTree = "<group>"; };
		D39116891AD74BA500BD1EE6 /* _ADMNote.m */ = {isa = PBXFileReference; fileEncoding = 4; lastKnownFileType = sourcecode.c.objc; name = _ADMNote.m; path = Everpobre/_ADMNote.m; sourceTree = "<group>"; };
		D391168A1AD74BA500BD1EE6 /* _ADMNotebook.m */ = {isa = PBXFileReference; fileEncoding = 4; lastKnownFileType = sourcecode.c.objc; name = _ADMNotebook.m; path = Everpobre/_ADMNotebook.m; sourceTree = "<group>"; };
		D391168B1AD74BA500BD1EE6 /* _ADMPhoto.h */ = {isa = PBXFileReference; fileEncoding = 4; lastKnownFileType = sourcecode.c.h; name = _ADMPhoto.h; path = Everpobre/_ADMPhoto.h; sourceTree = "<group>"; };
		D391168C1AD74BA500BD1EE6 /* _ADMPhoto.m */ = {isa = PBXFileReference; fileEncoding = 4; lastKnownFileType = sourcecode.c.objc; name = _ADMPhoto.m; path = Everpobre/_ADMPhoto.m; sourceTree = "<group>"; };
		D39116911AD7591D00BD1EE6 /* AGTCoreDataCollectionViewController.h */ = {isa = PBXFileReference; fileEncoding = 4; lastKnownFileType = sourcecode.c.h; path = AGTCoreDataCollectionViewController.h; sourceTree = SOURCE_ROOT; };
		D39116921AD7591D00BD1EE6 /* AGTCoreDataCollectionViewController.m */ = {isa = PBXFileReference; fileEncoding = 4; lastKnownFileType = sourcecode.c.objc; path = AGTCoreDataCollectionViewController.m; sourceTree = SOURCE_ROOT; };
		D39116941AD7598700BD1EE6 /* AGTCoreDataTableViewController.h */ = {isa = PBXFileReference; fileEncoding = 4; lastKnownFileType = sourcecode.c.h; path = AGTCoreDataTableViewController.h; sourceTree = SOURCE_ROOT; };
		D39116951AD7598700BD1EE6 /* AGTCoreDataTableViewController.m */ = {isa = PBXFileReference; fileEncoding = 4; lastKnownFileType = sourcecode.c.objc; path = AGTCoreDataTableViewController.m; sourceTree = SOURCE_ROOT; };
		D39116971AD75AD600BD1EE6 /* ADMNotebooksViewController.h */ = {isa = PBXFileReference; fileEncoding = 4; lastKnownFileType = sourcecode.c.h; path = ADMNotebooksViewController.h; sourceTree = "<group>"; };
		D39116981AD75AD600BD1EE6 /* ADMNotebooksViewController.m */ = {isa = PBXFileReference; fileEncoding = 4; lastKnownFileType = sourcecode.c.objc; path = ADMNotebooksViewController.m; sourceTree = "<group>"; };
		D391169A1AD7AE6800BD1EE6 /* UIViewController+Navigation.h */ = {isa = PBXFileReference; fileEncoding = 4; lastKnownFileType = sourcecode.c.h; path = "UIViewController+Navigation.h"; sourceTree = "<group>"; };
		D391169B1AD7AE6800BD1EE6 /* UIViewController+Navigation.m */ = {isa = PBXFileReference; fileEncoding = 4; lastKnownFileType = sourcecode.c.objc; path = "UIViewController+Navigation.m"; sourceTree = "<group>"; };
/* End PBXFileReference section */

/* Begin PBXFrameworksBuildPhase section */
		D37D58241AD47961006492F4 /* Frameworks */ = {
			isa = PBXFrameworksBuildPhase;
			buildActionMask = 2147483647;
			files = (
			);
			runOnlyForDeploymentPostprocessing = 0;
		};
		D37D58371AD47961006492F4 /* Frameworks */ = {
			isa = PBXFrameworksBuildPhase;
			buildActionMask = 2147483647;
			files = (
			);
			runOnlyForDeploymentPostprocessing = 0;
		};
/* End PBXFrameworksBuildPhase section */

/* Begin PBXGroup section */
		D37D581E1AD47961006492F4 = {
			isa = PBXGroup;
			children = (
				D37D58291AD47961006492F4 /* Everpobre */,
				D37D583D1AD47961006492F4 /* EverpobreTests */,
				D37D58281AD47961006492F4 /* Products */,
			);
			sourceTree = "<group>";
		};
		D37D58281AD47961006492F4 /* Products */ = {
			isa = PBXGroup;
			children = (
				D37D58271AD47961006492F4 /* Everpobre.app */,
				D37D583A1AD47961006492F4 /* EverpobreTests.xctest */,
			);
			name = Products;
			sourceTree = "<group>";
		};
		D37D58291AD47961006492F4 /* Everpobre */ = {
			isa = PBXGroup;
			children = (
				D391169D1AD7AE7400BD1EE6 /* Categories */,
				D37D584D1AD47ACB006492F4 /* Models */,
				D39116901AD758EC00BD1EE6 /* Controls */,
				D37D582E1AD47961006492F4 /* AppDelegate.h */,
				D37D582F1AD47961006492F4 /* AppDelegate.m */,
				D37D58311AD47961006492F4 /* Images.xcassets */,
				D37D58331AD47961006492F4 /* LaunchScreen.xib */,
				D37D582A1AD47961006492F4 /* Supporting Files */,
			);
			path = Everpobre;
			sourceTree = "<group>";
		};
		D37D582A1AD47961006492F4 /* Supporting Files */ = {
			isa = PBXGroup;
			children = (
				D37D582B1AD47961006492F4 /* Info.plist */,
				D37D582C1AD47961006492F4 /* main.m */,
			);
			name = "Supporting Files";
			sourceTree = "<group>";
		};
		D37D583D1AD47961006492F4 /* EverpobreTests */ = {
			isa = PBXGroup;
			children = (
				D37D58401AD47961006492F4 /* EverpobreTests.m */,
				D37D583E1AD47961006492F4 /* Supporting Files */,
			);
			path = EverpobreTests;
			sourceTree = "<group>";
		};
		D37D583E1AD47961006492F4 /* Supporting Files */ = {
			isa = PBXGroup;
			children = (
				D37D583F1AD47961006492F4 /* Info.plist */,
			);
			name = "Supporting Files";
			sourceTree = "<group>";
		};
		D37D584D1AD47ACB006492F4 /* Models */ = {
			isa = PBXGroup;
			children = (
				D37D586F1AD49112006492F4 /* Machine */,
				D37D58631AD49100006492F4 /* ADMNote.h */,
				D37D58641AD49100006492F4 /* ADMNote.m */,
				D37D58651AD49100006492F4 /* ADMNotebook.h */,
				D37D58661AD49100006492F4 /* ADMNotebook.m */,
				D37D58671AD49100006492F4 /* ADMPhoto.h */,
				D37D58681AD49100006492F4 /* ADMPhoto.m */,
				D37D58D71AD5AD50006492F4 /* AGTCoreDataStack.h */,
				D37D58D81AD5AD50006492F4 /* AGTCoreDataStack.m */,
				D37D584A1AD47ABC006492F4 /* Model.xcdatamodeld */,
				D388163E1AD6FE41000FEDC8 /* ADMEverpobreBaseClass.h */,
				D388163F1AD6FE41000FEDC8 /* ADMEverpobreBaseClass.m */,
			);
			name = Models;
			path = ..;
			sourceTree = "<group>";
		};
		D37D586F1AD49112006492F4 /* Machine */ = {
			isa = PBXGroup;
			children = (
				D39116871AD74BA500BD1EE6 /* _ADMNotebook.h */,
				D39116881AD74BA500BD1EE6 /* _ADMNote.h */,
				D39116891AD74BA500BD1EE6 /* _ADMNote.m */,
				D391168A1AD74BA500BD1EE6 /* _ADMNotebook.m */,
				D391168B1AD74BA500BD1EE6 /* _ADMPhoto.h */,
				D391168C1AD74BA500BD1EE6 /* _ADMPhoto.m */,
			);
			name = Machine;
			sourceTree = "<group>";
		};
		D39116901AD758EC00BD1EE6 /* Controls */ = {
			isa = PBXGroup;
			children = (
				D39116941AD7598700BD1EE6 /* AGTCoreDataTableViewController.h */,
				D39116951AD7598700BD1EE6 /* AGTCoreDataTableViewController.m */,
				D39116911AD7591D00BD1EE6 /* AGTCoreDataCollectionViewController.h */,
				D39116921AD7591D00BD1EE6 /* AGTCoreDataCollectionViewController.m */,
				D39116971AD75AD600BD1EE6 /* ADMNotebooksViewController.h */,
				D39116981AD75AD600BD1EE6 /* ADMNotebooksViewController.m */,
			);
			name = Controls;
			sourceTree = "<group>";
		};
		D391169D1AD7AE7400BD1EE6 /* Categories */ = {
			isa = PBXGroup;
			children = (
				D391169A1AD7AE6800BD1EE6 /* UIViewController+Navigation.h */,
				D391169B1AD7AE6800BD1EE6 /* UIViewController+Navigation.m */,
			);
			name = Categories;
			sourceTree = "<group>";
		};
/* End PBXGroup section */

/* Begin PBXNativeTarget section */
		D37D58261AD47961006492F4 /* Everpobre */ = {
			isa = PBXNativeTarget;
			buildConfigurationList = D37D58441AD47961006492F4 /* Build configuration list for PBXNativeTarget "Everpobre" */;
			buildPhases = (
				D37D58231AD47961006492F4 /* Sources */,
				D37D58241AD47961006492F4 /* Frameworks */,
				D37D58251AD47961006492F4 /* Resources */,
			);
			buildRules = (
			);
			dependencies = (
			);
			name = Everpobre;
			productName = Everpobre;
			productReference = D37D58271AD47961006492F4 /* Everpobre.app */;
			productType = "com.apple.product-type.application";
		};
		D37D58391AD47961006492F4 /* EverpobreTests */ = {
			isa = PBXNativeTarget;
			buildConfigurationList = D37D58471AD47961006492F4 /* Build configuration list for PBXNativeTarget "EverpobreTests" */;
			buildPhases = (
				D37D58361AD47961006492F4 /* Sources */,
				D37D58371AD47961006492F4 /* Frameworks */,
				D37D58381AD47961006492F4 /* Resources */,
			);
			buildRules = (
			);
			dependencies = (
				D37D583C1AD47961006492F4 /* PBXTargetDependency */,
			);
			name = EverpobreTests;
			productName = EverpobreTests;
			productReference = D37D583A1AD47961006492F4 /* EverpobreTests.xctest */;
			productType = "com.apple.product-type.bundle.unit-test";
		};
/* End PBXNativeTarget section */

/* Begin PBXProject section */
		D37D581F1AD47961006492F4 /* Project object */ = {
			isa = PBXProject;
			attributes = {
				LastUpgradeCheck = 0620;
				ORGANIZATIONNAME = DiMartino;
				TargetAttributes = {
					D37D58261AD47961006492F4 = {
						CreatedOnToolsVersion = 6.2;
					};
					D37D58391AD47961006492F4 = {
						CreatedOnToolsVersion = 6.2;
						TestTargetID = D37D58261AD47961006492F4;
					};
				};
			};
			buildConfigurationList = D37D58221AD47961006492F4 /* Build configuration list for PBXProject "Everpobre" */;
			compatibilityVersion = "Xcode 3.2";
			developmentRegion = English;
			hasScannedForEncodings = 0;
			knownRegions = (
				en,
				Base,
			);
			mainGroup = D37D581E1AD47961006492F4;
			productRefGroup = D37D58281AD47961006492F4 /* Products */;
			projectDirPath = "";
			projectRoot = "";
			targets = (
				D37D58261AD47961006492F4 /* Everpobre */,
				D37D58391AD47961006492F4 /* EverpobreTests */,
			);
		};
/* End PBXProject section */

/* Begin PBXResourcesBuildPhase section */
		D37D58251AD47961006492F4 /* Resources */ = {
			isa = PBXResourcesBuildPhase;
			buildActionMask = 2147483647;
			files = (
				D37D58351AD47961006492F4 /* LaunchScreen.xib in Resources */,
				D37D58321AD47961006492F4 /* Images.xcassets in Resources */,
			);
			runOnlyForDeploymentPostprocessing = 0;
		};
		D37D58381AD47961006492F4 /* Resources */ = {
			isa = PBXResourcesBuildPhase;
			buildActionMask = 2147483647;
			files = (
			);
			runOnlyForDeploymentPostprocessing = 0;
		};
/* End PBXResourcesBuildPhase section */

/* Begin PBXSourcesBuildPhase section */
		D37D58231AD47961006492F4 /* Sources */ = {
			isa = PBXSourcesBuildPhase;
			buildActionMask = 2147483647;
			files = (
				D37D586D1AD49100006492F4 /* ADMNotebook.m in Sources */,
				D391168E1AD74BA500BD1EE6 /* _ADMNotebook.m in Sources */,
				D39116931AD7591D00BD1EE6 /* AGTCoreDataCollectionViewController.m in Sources */,
				D37D586E1AD49100006492F4 /* ADMPhoto.m in Sources */,
				D37D58301AD47961006492F4 /* AppDelegate.m in Sources */,
				D38816401AD6FE41000FEDC8 /* ADMEverpobreBaseClass.m in Sources */,
				D391169C1AD7AE6800BD1EE6 /* UIViewController+Navigation.m in Sources */,
				D37D58D91AD5AD50006492F4 /* AGTCoreDataStack.m in Sources */,
				D391168D1AD74BA500BD1EE6 /* _ADMNote.m in Sources */,
				D39116961AD7598700BD1EE6 /* AGTCoreDataTableViewController.m in Sources */,
				D391168F1AD74BA500BD1EE6 /* _ADMPhoto.m in Sources */,
				D39116991AD75AD600BD1EE6 /* ADMNotebooksViewController.m in Sources */,
				D37D582D1AD47961006492F4 /* main.m in Sources */,
				D37D586C1AD49100006492F4 /* ADMNote.m in Sources */,
				D37D584C1AD47ABC006492F4 /* Model.xcdatamodeld in Sources */,
			);
			runOnlyForDeploymentPostprocessing = 0;
		};
		D37D58361AD47961006492F4 /* Sources */ = {
			isa = PBXSourcesBuildPhase;
			buildActionMask = 2147483647;
			files = (
				D37D58411AD47961006492F4 /* EverpobreTests.m in Sources */,
			);
			runOnlyForDeploymentPostprocessing = 0;
		};
/* End PBXSourcesBuildPhase section */

/* Begin PBXTargetDependency section */
		D37D583C1AD47961006492F4 /* PBXTargetDependency */ = {
			isa = PBXTargetDependency;
			target = D37D58261AD47961006492F4 /* Everpobre */;
			targetProxy = D37D583B1AD47961006492F4 /* PBXContainerItemProxy */;
		};
/* End PBXTargetDependency section */

/* Begin PBXVariantGroup section */
		D37D58331AD47961006492F4 /* LaunchScreen.xib */ = {
			isa = PBXVariantGroup;
			children = (
				D37D58341AD47961006492F4 /* Base */,
			);
			name = LaunchScreen.xib;
			sourceTree = "<group>";
		};
/* End PBXVariantGroup section */

/* Begin XCBuildConfiguration section */
		D37D58421AD47961006492F4 /* Debug */ = {
			isa = XCBuildConfiguration;
			buildSettings = {
				ALWAYS_SEARCH_USER_PATHS = NO;
				CLANG_CXX_LANGUAGE_STANDARD = "gnu++0x";
				CLANG_CXX_LIBRARY = "libc++";
				CLANG_ENABLE_MODULES = YES;
				CLANG_ENABLE_OBJC_ARC = YES;
				CLANG_WARN_BOOL_CONVERSION = YES;
				CLANG_WARN_CONSTANT_CONVERSION = YES;
				CLANG_WARN_DIRECT_OBJC_ISA_USAGE = YES_ERROR;
				CLANG_WARN_EMPTY_BODY = YES;
				CLANG_WARN_ENUM_CONVERSION = YES;
				CLANG_WARN_INT_CONVERSION = YES;
				CLANG_WARN_OBJC_ROOT_CLASS = YES_ERROR;
				CLANG_WARN_UNREACHABLE_CODE = YES;
				CLANG_WARN__DUPLICATE_METHOD_MATCH = YES;
				"CODE_SIGN_IDENTITY[sdk=iphoneos*]" = "iPhone Developer";
				COPY_PHASE_STRIP = NO;
				ENABLE_STRICT_OBJC_MSGSEND = YES;
				GCC_C_LANGUAGE_STANDARD = gnu99;
				GCC_DYNAMIC_NO_PIC = NO;
				GCC_OPTIMIZATION_LEVEL = 0;
				GCC_PREPROCESSOR_DEFINITIONS = (
					"DEBUG=1",
					"$(inherited)",
				);
				GCC_SYMBOLS_PRIVATE_EXTERN = NO;
				GCC_WARN_64_TO_32_BIT_CONVERSION = YES;
				GCC_WARN_ABOUT_RETURN_TYPE = YES_ERROR;
				GCC_WARN_UNDECLARED_SELECTOR = YES;
				GCC_WARN_UNINITIALIZED_AUTOS = YES_AGGRESSIVE;
				GCC_WARN_UNUSED_FUNCTION = YES;
				GCC_WARN_UNUSED_VARIABLE = YES;
				IPHONEOS_DEPLOYMENT_TARGET = 8.2;
				MTL_ENABLE_DEBUG_INFO = YES;
				ONLY_ACTIVE_ARCH = YES;
				SDKROOT = iphoneos;
			};
			name = Debug;
		};
		D37D58431AD47961006492F4 /* Release */ = {
			isa = XCBuildConfiguration;
			buildSettings = {
				ALWAYS_SEARCH_USER_PATHS = NO;
				CLANG_CXX_LANGUAGE_STANDARD = "gnu++0x";
				CLANG_CXX_LIBRARY = "libc++";
				CLANG_ENABLE_MODULES = YES;
				CLANG_ENABLE_OBJC_ARC = YES;
				CLANG_WARN_BOOL_CONVERSION = YES;
				CLANG_WARN_CONSTANT_CONVERSION = YES;
				CLANG_WARN_DIRECT_OBJC_ISA_USAGE = YES_ERROR;
				CLANG_WARN_EMPTY_BODY = YES;
				CLANG_WARN_ENUM_CONVERSION = YES;
				CLANG_WARN_INT_CONVERSION = YES;
				CLANG_WARN_OBJC_ROOT_CLASS = YES_ERROR;
				CLANG_WARN_UNREACHABLE_CODE = YES;
				CLANG_WARN__DUPLICATE_METHOD_MATCH = YES;
				"CODE_SIGN_IDENTITY[sdk=iphoneos*]" = "iPhone Developer";
				COPY_PHASE_STRIP = NO;
				ENABLE_NS_ASSERTIONS = NO;
				ENABLE_STRICT_OBJC_MSGSEND = YES;
				GCC_C_LANGUAGE_STANDARD = gnu99;
				GCC_WARN_64_TO_32_BIT_CONVERSION = YES;
				GCC_WARN_ABOUT_RETURN_TYPE = YES_ERROR;
				GCC_WARN_UNDECLARED_SELECTOR = YES;
				GCC_WARN_UNINITIALIZED_AUTOS = YES_AGGRESSIVE;
				GCC_WARN_UNUSED_FUNCTION = YES;
				GCC_WARN_UNUSED_VARIABLE = YES;
				IPHONEOS_DEPLOYMENT_TARGET = 8.2;
				MTL_ENABLE_DEBUG_INFO = NO;
				SDKROOT = iphoneos;
				VALIDATE_PRODUCT = YES;
			};
			name = Release;
		};
		D37D58451AD47961006492F4 /* Debug */ = {
			isa = XCBuildConfiguration;
			buildSettings = {
				ASSETCATALOG_COMPILER_APPICON_NAME = AppIcon;
				INFOPLIST_FILE = Everpobre/Info.plist;
				LD_RUNPATH_SEARCH_PATHS = "$(inherited) @executable_path/Frameworks";
				PRODUCT_NAME = "$(TARGET_NAME)";
			};
			name = Debug;
		};
		D37D58461AD47961006492F4 /* Release */ = {
			isa = XCBuildConfiguration;
			buildSettings = {
				ASSETCATALOG_COMPILER_APPICON_NAME = AppIcon;
				INFOPLIST_FILE = Everpobre/Info.plist;
				LD_RUNPATH_SEARCH_PATHS = "$(inherited) @executable_path/Frameworks";
				PRODUCT_NAME = "$(TARGET_NAME)";
			};
			name = Release;
		};
		D37D58481AD47961006492F4 /* Debug */ = {
			isa = XCBuildConfiguration;
			buildSettings = {
				BUNDLE_LOADER = "$(TEST_HOST)";
				FRAMEWORK_SEARCH_PATHS = (
					"$(SDKROOT)/Developer/Library/Frameworks",
					"$(inherited)",
				);
				GCC_PREPROCESSOR_DEFINITIONS = (
					"DEBUG=1",
					"$(inherited)",
				);
				INFOPLIST_FILE = EverpobreTests/Info.plist;
				LD_RUNPATH_SEARCH_PATHS = "$(inherited) @executable_path/Frameworks @loader_path/Frameworks";
				PRODUCT_NAME = "$(TARGET_NAME)";
				TEST_HOST = "$(BUILT_PRODUCTS_DIR)/Everpobre.app/Everpobre";
			};
			name = Debug;
		};
		D37D58491AD47961006492F4 /* Release */ = {
			isa = XCBuildConfiguration;
			buildSettings = {
				BUNDLE_LOADER = "$(TEST_HOST)";
				FRAMEWORK_SEARCH_PATHS = (
					"$(SDKROOT)/Developer/Library/Frameworks",
					"$(inherited)",
				);
				INFOPLIST_FILE = EverpobreTests/Info.plist;
				LD_RUNPATH_SEARCH_PATHS = "$(inherited) @executable_path/Frameworks @loader_path/Frameworks";
				PRODUCT_NAME = "$(TARGET_NAME)";
				TEST_HOST = "$(BUILT_PRODUCTS_DIR)/Everpobre.app/Everpobre";
			};
			name = Release;
		};
/* End XCBuildConfiguration section */

/* Begin XCConfigurationList section */
		D37D58221AD47961006492F4 /* Build configuration list for PBXProject "Everpobre" */ = {
			isa = XCConfigurationList;
			buildConfigurations = (
				D37D58421AD47961006492F4 /* Debug */,
				D37D58431AD47961006492F4 /* Release */,
			);
			defaultConfigurationIsVisible = 0;
			defaultConfigurationName = Release;
		};
		D37D58441AD47961006492F4 /* Build configuration list for PBXNativeTarget "Everpobre" */ = {
			isa = XCConfigurationList;
			buildConfigurations = (
				D37D58451AD47961006492F4 /* Debug */,
				D37D58461AD47961006492F4 /* Release */,
			);
			defaultConfigurationIsVisible = 0;
			defaultConfigurationName = Release;
		};
		D37D58471AD47961006492F4 /* Build configuration list for PBXNativeTarget "EverpobreTests" */ = {
			isa = XCConfigurationList;
			buildConfigurations = (
				D37D58481AD47961006492F4 /* Debug */,
				D37D58491AD47961006492F4 /* Release */,
			);
			defaultConfigurationIsVisible = 0;
			defaultConfigurationName = Release;
		};
/* End XCConfigurationList section */

/* Begin XCVersionGroup section */
		D37D584A1AD47ABC006492F4 /* Model.xcdatamodeld */ = {
			isa = XCVersionGroup;
			children = (
				D37D584B1AD47ABC006492F4 /* Model.xcdatamodel */,
			);
			currentVersion = D37D584B1AD47ABC006492F4 /* Model.xcdatamodel */;
			name = Model.xcdatamodeld;
			path = Everpobre/Model.xcdatamodeld;
			sourceTree = "<group>";
			versionGroupType = wrapper.xcdatamodel;
		};
/* End XCVersionGroup section */
	};
	rootObject = D37D581F1AD47961006492F4 /* Project object */;
}
